
Microsoft Visual Studio Solution File, Format Version 12.00
# Visual Studio Version 17
VisualStudioVersion = 17.11.35327.3
MinimumVisualStudioVersion = 10.0.40219.1
Project("{FAE04EC0-301F-11D3-BF4B-00C04F79EFBC}") = "Navalha-Barbearia", "Navalha-Barbearia.csproj", "{7E4C42CC-91D8-43FA-A43C-15CD4AB1853F}"
EndProject
Global
	GlobalSection(SolutionConfigurationPlatforms) = preSolution
		Debug|Any CPU = Debug|Any CPU
		Release|Any CPU = Release|Any CPU
	EndGlobalSection
	GlobalSection(ProjectConfigurationPlatforms) = postSolution
		{7E4C42CC-91D8-43FA-A43C-15CD4AB1853F}.Debug|Any CPU.ActiveCfg = Debug|Any CPU
		{7E4C42CC-91D8-43FA-A43C-15CD4AB1853F}.Debug|Any CPU.Build.0 = Debug|Any CPU
		{7E4C42CC-91D8-43FA-A43C-15CD4AB1853F}.Release|Any CPU.ActiveCfg = Release|Any CPU
		{7E4C42CC-91D8-43FA-A43C-15CD4AB1853F}.Release|Any CPU.Build.0 = Release|Any CPU
	EndGlobalSection
	GlobalSection(SolutionProperties) = preSolution
		HideSolutionNode = FALSE
	EndGlobalSection
	GlobalSection(ExtensibilityGlobals) = postSolution
		SolutionGuid = {F1165557-9AEA-4D7D-A457-22350CD10988}
	EndGlobalSection
EndGlobal
